
Microsoft Visual Studio Solution File, Format Version 12.00
# Visual Studio 15
VisualStudioVersion = 15.0.27130.2020
MinimumVisualStudioVersion = 10.0.40219.1
Project("{FAE04EC0-301F-11D3-BF4B-00C04F79EFBC}") = "TestConsoleApp1", "TestConsoleApp1\TestConsoleApp1.csproj", "{33BC4005-A1D1-4309-867A-9B8C8591F8A9}"
EndProject
Global
	GlobalSection(SolutionConfigurationPlatforms) = preSolution
		Debug|Any CPU = Debug|Any CPU
		Release|Any CPU = Release|Any CPU
	EndGlobalSection
	GlobalSection(ProjectConfigurationPlatforms) = postSolution
		{33BC4005-A1D1-4309-867A-9B8C8591F8A9}.Debug|Any CPU.ActiveCfg = Debug|Any CPU
		{33BC4005-A1D1-4309-867A-9B8C8591F8A9}.Debug|Any CPU.Build.0 = Debug|Any CPU
		{33BC4005-A1D1-4309-867A-9B8C8591F8A9}.Release|Any CPU.ActiveCfg = Release|Any CPU
		{33BC4005-A1D1-4309-867A-9B8C8591F8A9}.Release|Any CPU.Build.0 = Release|Any CPU
	EndGlobalSection
	GlobalSection(SolutionProperties) = preSolution
		HideSolutionNode = FALSE
	EndGlobalSection
	GlobalSection(ExtensibilityGlobals) = postSolution
		SolutionGuid = {784F17E5-3033-49D8-91BD-CC5559E9AF2D}
	EndGlobalSection
EndGlobal
